
Microsoft Visual Studio Solution File, Format Version 12.00
# Visual Studio Version 17
VisualStudioVersion = 17.2.32602.215
MinimumVisualStudioVersion = 10.0.40219.1
Project("{FAE04EC0-301F-11D3-BF4B-00C04F79EFBC}") = "pipeline2", "pipeline2\pipeline2.csproj", "{6E26284B-68F6-4D7D-AECB-AF19442017C3}"
EndProject
Global
	GlobalSection(SolutionConfigurationPlatforms) = preSolution
		Debug|Any CPU = Debug|Any CPU
		Release|Any CPU = Release|Any CPU
	EndGlobalSection
	GlobalSection(ProjectConfigurationPlatforms) = postSolution
		{6E26284B-68F6-4D7D-AECB-AF19442017C3}.Debug|Any CPU.ActiveCfg = Debug|Any CPU
		{6E26284B-68F6-4D7D-AECB-AF19442017C3}.Debug|Any CPU.Build.0 = Debug|Any CPU
		{6E26284B-68F6-4D7D-AECB-AF19442017C3}.Release|Any CPU.ActiveCfg = Release|Any CPU
		{6E26284B-68F6-4D7D-AECB-AF19442017C3}.Release|Any CPU.Build.0 = Release|Any CPU
	EndGlobalSection
	GlobalSection(SolutionProperties) = preSolution
		HideSolutionNode = FALSE
	EndGlobalSection
	GlobalSection(ExtensibilityGlobals) = postSolution
		SolutionGuid = {B763EECE-7CF9-46F1-A9B3-81BBAE5ED74F}
	EndGlobalSection
EndGlobal
